
Microsoft Visual Studio Solution File, Format Version 12.00
# Visual Studio 14
VisualStudioVersion = 14.0.25420.1
MinimumVisualStudioVersion = 10.0.40219.1
Project("{FAE04EC0-301F-11D3-BF4B-00C04F79EFBC}") = "01. Day of Week", "01. Day of Week\01. Day of Week.csproj", "{D8942312-FA1B-4825-BE1D-A80C23A078BB}"
EndProject
Project("{FAE04EC0-301F-11D3-BF4B-00C04F79EFBC}") = "02. Randomize Words", "02. Randomize Words\02. Randomize Words.csproj", "{6216AB7B-1884-4F17-B699-3D8C2ADCF009}"
EndProject
Project("{FAE04EC0-301F-11D3-BF4B-00C04F79EFBC}") = "03. Big Factorial", "03. Big Factorial\03. Big Factorial.csproj", "{40540774-46CF-4F95-8C7B-B6F6EB36A6AF}"
EndProject
Project("{FAE04EC0-301F-11D3-BF4B-00C04F79EFBC}") = "04. Distance between Points", "04. Distance between Points\04. Distance between Points.csproj", "{461A5DE4-4185-42E9-A76D-0631079E02C5}"
EndProject
Project("{FAE04EC0-301F-11D3-BF4B-00C04F79EFBC}") = "05. Closest Two Points", "05. Closest Two Points\05. Closest Two Points.csproj", "{10F18EE1-F0EF-4162-BA1F-E0C4965526C9}"
EndProject
Project("{FAE04EC0-301F-11D3-BF4B-00C04F79EFBC}") = "06. Rectangle Position", "06. Rectangle Position\06. Rectangle Position.csproj", "{1F08C2BF-69C9-4AEA-B890-235320AA9556}"
EndProject
Project("{FAE04EC0-301F-11D3-BF4B-00C04F79EFBC}") = "07. Sales Report", "07. Sales Report\07. Sales Report.csproj", "{CCC8837E-4876-48C1-A0A4-E22D4934BF9E}"
EndProject
Global
	GlobalSection(SolutionConfigurationPlatforms) = preSolution
		Debug|Any CPU = Debug|Any CPU
		Release|Any CPU = Release|Any CPU
	EndGlobalSection
	GlobalSection(ProjectConfigurationPlatforms) = postSolution
		{D8942312-FA1B-4825-BE1D-A80C23A078BB}.Debug|Any CPU.ActiveCfg = Debug|Any CPU
		{D8942312-FA1B-4825-BE1D-A80C23A078BB}.Debug|Any CPU.Build.0 = Debug|Any CPU
		{D8942312-FA1B-4825-BE1D-A80C23A078BB}.Release|Any CPU.ActiveCfg = Release|Any CPU
		{D8942312-FA1B-4825-BE1D-A80C23A078BB}.Release|Any CPU.Build.0 = Release|Any CPU
		{6216AB7B-1884-4F17-B699-3D8C2ADCF009}.Debug|Any CPU.ActiveCfg = Debug|Any CPU
		{6216AB7B-1884-4F17-B699-3D8C2ADCF009}.Debug|Any CPU.Build.0 = Debug|Any CPU
		{6216AB7B-1884-4F17-B699-3D8C2ADCF009}.Release|Any CPU.ActiveCfg = Release|Any CPU
		{6216AB7B-1884-4F17-B699-3D8C2ADCF009}.Release|Any CPU.Build.0 = Release|Any CPU
		{40540774-46CF-4F95-8C7B-B6F6EB36A6AF}.Debug|Any CPU.ActiveCfg = Debug|Any CPU
		{40540774-46CF-4F95-8C7B-B6F6EB36A6AF}.Debug|Any CPU.Build.0 = Debug|Any CPU
		{40540774-46CF-4F95-8C7B-B6F6EB36A6AF}.Release|Any CPU.ActiveCfg = Release|Any CPU
		{40540774-46CF-4F95-8C7B-B6F6EB36A6AF}.Release|Any CPU.Build.0 = Release|Any CPU
		{461A5DE4-4185-42E9-A76D-0631079E02C5}.Debug|Any CPU.ActiveCfg = Debug|Any CPU
		{461A5DE4-4185-42E9-A76D-0631079E02C5}.Debug|Any CPU.Build.0 = Debug|Any CPU
		{461A5DE4-4185-42E9-A76D-0631079E02C5}.Release|Any CPU.ActiveCfg = Release|Any CPU
		{461A5DE4-4185-42E9-A76D-0631079E02C5}.Release|Any CPU.Build.0 = Release|Any CPU
		{10F18EE1-F0EF-4162-BA1F-E0C4965526C9}.Debug|Any CPU.ActiveCfg = Debug|Any CPU
		{10F18EE1-F0EF-4162-BA1F-E0C4965526C9}.Debug|Any CPU.Build.0 = Debug|Any CPU
		{10F18EE1-F0EF-4162-BA1F-E0C4965526C9}.Release|Any CPU.ActiveCfg = Release|Any CPU
		{10F18EE1-F0EF-4162-BA1F-E0C4965526C9}.Release|Any CPU.Build.0 = Release|Any CPU
		{1F08C2BF-69C9-4AEA-B890-235320AA9556}.Debug|Any CPU.ActiveCfg = Debug|Any CPU
		{1F08C2BF-69C9-4AEA-B890-235320AA9556}.Debug|Any CPU.Build.0 = Debug|Any CPU
		{1F08C2BF-69C9-4AEA-B890-235320AA9556}.Release|Any CPU.ActiveCfg = Release|Any CPU
		{1F08C2BF-69C9-4AEA-B890-235320AA9556}.Release|Any CPU.Build.0 = Release|Any CPU
		{CCC8837E-4876-48C1-A0A4-E22D4934BF9E}.Debug|Any CPU.ActiveCfg = Debug|Any CPU
		{CCC8837E-4876-48C1-A0A4-E22D4934BF9E}.Debug|Any CPU.Build.0 = Debug|Any CPU
		{CCC8837E-4876-48C1-A0A4-E22D4934BF9E}.Release|Any CPU.ActiveCfg = Release|Any CPU
		{CCC8837E-4876-48C1-A0A4-E22D4934BF9E}.Release|Any CPU.Build.0 = Release|Any CPU
	EndGlobalSection
	GlobalSection(SolutionProperties) = preSolution
		HideSolutionNode = FALSE
	EndGlobalSection
EndGlobal
