
Microsoft Visual Studio Solution File, Format Version 12.00
# Visual Studio 14
VisualStudioVersion = 14.0.24720.0
MinimumVisualStudioVersion = 10.0.40219.1
Project("{FAE04EC0-301F-11D3-BF4B-00C04F79EFBC}") = "01. Odd Lines", "1. Odd Lines\01. Odd Lines.csproj", "{C0DD81C9-B473-40C5-92F3-5E539541E56A}"
EndProject
Project("{FAE04EC0-301F-11D3-BF4B-00C04F79EFBC}") = "02. Line Numbers", "02. Line Numbers\02. Line Numbers.csproj", "{65F88747-5CE5-4AD8-A760-140846D1BC6F}"
EndProject
Project("{FAE04EC0-301F-11D3-BF4B-00C04F79EFBC}") = "03. Word Count", "03. Word Count\03. Word Count.csproj", "{946363A0-B4EF-42F6-81CE-4B439F9E61A7}"
EndProject
Project("{FAE04EC0-301F-11D3-BF4B-00C04F79EFBC}") = "04. Copy Binary File", "04. Copy Binary File\04. Copy Binary File.csproj", "{38721CE4-0229-4421-AC3E-4C6BCEC22A81}"
EndProject
Project("{FAE04EC0-301F-11D3-BF4B-00C04F79EFBC}") = "05. Slicing File", "05. Slicing File\05. Slicing File.csproj", "{B0D52C71-3B9C-43E9-9FA7-4BC8E560CE03}"
EndProject
Project("{FAE04EC0-301F-11D3-BF4B-00C04F79EFBC}") = "06. Zipping Sliced Files", "06. Zipping Sliced Files\06. Zipping Sliced Files.csproj", "{3E034E46-4688-44AA-AE9D-115DA57AF4C8}"
EndProject
Project("{FAE04EC0-301F-11D3-BF4B-00C04F79EFBC}") = "07. Directory Traversal", "07. Directory Traversal\07. Directory Traversal.csproj", "{0E34BBE8-6C54-4C51-B73C-5B0C304C2018}"
EndProject
Project("{FAE04EC0-301F-11D3-BF4B-00C04F79EFBC}") = "08. Full Directory Traversal", "08. Full Directory Traversal\08. Full Directory Traversal.csproj", "{24C53056-0189-4A87-9506-71AE1E773D69}"
EndProject
Project("{FAE04EC0-301F-11D3-BF4B-00C04F79EFBC}") = "09. HTTP Server", "09. HTTP Server\09. HTTP Server.csproj", "{5EF37721-FD1C-4AA4-A621-2E1E7E5C0193}"
EndProject
Global
	GlobalSection(SolutionConfigurationPlatforms) = preSolution
		Debug|Any CPU = Debug|Any CPU
		Release|Any CPU = Release|Any CPU
	EndGlobalSection
	GlobalSection(ProjectConfigurationPlatforms) = postSolution
		{C0DD81C9-B473-40C5-92F3-5E539541E56A}.Debug|Any CPU.ActiveCfg = Debug|Any CPU
		{C0DD81C9-B473-40C5-92F3-5E539541E56A}.Debug|Any CPU.Build.0 = Debug|Any CPU
		{C0DD81C9-B473-40C5-92F3-5E539541E56A}.Release|Any CPU.ActiveCfg = Release|Any CPU
		{C0DD81C9-B473-40C5-92F3-5E539541E56A}.Release|Any CPU.Build.0 = Release|Any CPU
		{65F88747-5CE5-4AD8-A760-140846D1BC6F}.Debug|Any CPU.ActiveCfg = Debug|Any CPU
		{65F88747-5CE5-4AD8-A760-140846D1BC6F}.Debug|Any CPU.Build.0 = Debug|Any CPU
		{65F88747-5CE5-4AD8-A760-140846D1BC6F}.Release|Any CPU.ActiveCfg = Release|Any CPU
		{65F88747-5CE5-4AD8-A760-140846D1BC6F}.Release|Any CPU.Build.0 = Release|Any CPU
		{946363A0-B4EF-42F6-81CE-4B439F9E61A7}.Debug|Any CPU.ActiveCfg = Debug|Any CPU
		{946363A0-B4EF-42F6-81CE-4B439F9E61A7}.Debug|Any CPU.Build.0 = Debug|Any CPU
		{946363A0-B4EF-42F6-81CE-4B439F9E61A7}.Release|Any CPU.ActiveCfg = Release|Any CPU
		{946363A0-B4EF-42F6-81CE-4B439F9E61A7}.Release|Any CPU.Build.0 = Release|Any CPU
		{38721CE4-0229-4421-AC3E-4C6BCEC22A81}.Debug|Any CPU.ActiveCfg = Debug|Any CPU
		{38721CE4-0229-4421-AC3E-4C6BCEC22A81}.Debug|Any CPU.Build.0 = Debug|Any CPU
		{38721CE4-0229-4421-AC3E-4C6BCEC22A81}.Release|Any CPU.ActiveCfg = Release|Any CPU
		{38721CE4-0229-4421-AC3E-4C6BCEC22A81}.Release|Any CPU.Build.0 = Release|Any CPU
		{B0D52C71-3B9C-43E9-9FA7-4BC8E560CE03}.Debug|Any CPU.ActiveCfg = Debug|Any CPU
		{B0D52C71-3B9C-43E9-9FA7-4BC8E560CE03}.Debug|Any CPU.Build.0 = Debug|Any CPU
		{B0D52C71-3B9C-43E9-9FA7-4BC8E560CE03}.Release|Any CPU.ActiveCfg = Release|Any CPU
		{B0D52C71-3B9C-43E9-9FA7-4BC8E560CE03}.Release|Any CPU.Build.0 = Release|Any CPU
		{3E034E46-4688-44AA-AE9D-115DA57AF4C8}.Debug|Any CPU.ActiveCfg = Debug|Any CPU
		{3E034E46-4688-44AA-AE9D-115DA57AF4C8}.Debug|Any CPU.Build.0 = Debug|Any CPU
		{3E034E46-4688-44AA-AE9D-115DA57AF4C8}.Release|Any CPU.ActiveCfg = Release|Any CPU
		{3E034E46-4688-44AA-AE9D-115DA57AF4C8}.Release|Any CPU.Build.0 = Release|Any CPU
		{0E34BBE8-6C54-4C51-B73C-5B0C304C2018}.Debug|Any CPU.ActiveCfg = Debug|Any CPU
		{0E34BBE8-6C54-4C51-B73C-5B0C304C2018}.Debug|Any CPU.Build.0 = Debug|Any CPU
		{0E34BBE8-6C54-4C51-B73C-5B0C304C2018}.Release|Any CPU.ActiveCfg = Release|Any CPU
		{0E34BBE8-6C54-4C51-B73C-5B0C304C2018}.Release|Any CPU.Build.0 = Release|Any CPU
		{24C53056-0189-4A87-9506-71AE1E773D69}.Debug|Any CPU.ActiveCfg = Debug|Any CPU
		{24C53056-0189-4A87-9506-71AE1E773D69}.Debug|Any CPU.Build.0 = Debug|Any CPU
		{24C53056-0189-4A87-9506-71AE1E773D69}.Release|Any CPU.ActiveCfg = Release|Any CPU
		{24C53056-0189-4A87-9506-71AE1E773D69}.Release|Any CPU.Build.0 = Release|Any CPU
		{5EF37721-FD1C-4AA4-A621-2E1E7E5C0193}.Debug|Any CPU.ActiveCfg = Debug|Any CPU
		{5EF37721-FD1C-4AA4-A621-2E1E7E5C0193}.Debug|Any CPU.Build.0 = Debug|Any CPU
		{5EF37721-FD1C-4AA4-A621-2E1E7E5C0193}.Release|Any CPU.ActiveCfg = Release|Any CPU
		{5EF37721-FD1C-4AA4-A621-2E1E7E5C0193}.Release|Any CPU.Build.0 = Release|Any CPU
	EndGlobalSection
	GlobalSection(SolutionProperties) = preSolution
		HideSolutionNode = FALSE
	EndGlobalSection
EndGlobal
