
Microsoft Visual Studio Solution File, Format Version 12.00
# Visual Studio 14
VisualStudioVersion = 14.0.25420.1
MinimumVisualStudioVersion = 10.0.40219.1
Project("{FAE04EC0-301F-11D3-BF4B-00C04F79EFBC}") = "02. Reverse an Array of Integers", "02. Reverse an Array of Integers\02. Reverse an Array of Integers.csproj", "{AD18A318-33AD-4F46-B26B-AFB2225A8786}"
EndProject
Project("{FAE04EC0-301F-11D3-BF4B-00C04F79EFBC}") = "03. Last K Numbers Sums Sequence", "03. Last K Numbers Sums Sequence\03. Last K Numbers Sums Sequence.csproj", "{67BC650B-2D8D-4028-9655-5F701667E9E7}"
EndProject
Project("{FAE04EC0-301F-11D3-BF4B-00C04F79EFBC}") = "04. Tripple Sum", "04. Tripple Sum\04. Tripple Sum.csproj", "{522B6DCF-F08B-419E-B11C-7712555D919F}"
EndProject
Project("{FAE04EC0-301F-11D3-BF4B-00C04F79EFBC}") = "01. Day of Week", "01. Day of Week\01. Day of Week.csproj", "{55290847-2853-4A67-BCBA-FB21BB1A0CE9}"
EndProject
Global
	GlobalSection(SolutionConfigurationPlatforms) = preSolution
		Debug|Any CPU = Debug|Any CPU
		Release|Any CPU = Release|Any CPU
	EndGlobalSection
	GlobalSection(ProjectConfigurationPlatforms) = postSolution
		{AD18A318-33AD-4F46-B26B-AFB2225A8786}.Debug|Any CPU.ActiveCfg = Debug|Any CPU
		{AD18A318-33AD-4F46-B26B-AFB2225A8786}.Debug|Any CPU.Build.0 = Debug|Any CPU
		{AD18A318-33AD-4F46-B26B-AFB2225A8786}.Release|Any CPU.ActiveCfg = Release|Any CPU
		{AD18A318-33AD-4F46-B26B-AFB2225A8786}.Release|Any CPU.Build.0 = Release|Any CPU
		{67BC650B-2D8D-4028-9655-5F701667E9E7}.Debug|Any CPU.ActiveCfg = Debug|Any CPU
		{67BC650B-2D8D-4028-9655-5F701667E9E7}.Debug|Any CPU.Build.0 = Debug|Any CPU
		{67BC650B-2D8D-4028-9655-5F701667E9E7}.Release|Any CPU.ActiveCfg = Release|Any CPU
		{67BC650B-2D8D-4028-9655-5F701667E9E7}.Release|Any CPU.Build.0 = Release|Any CPU
		{522B6DCF-F08B-419E-B11C-7712555D919F}.Debug|Any CPU.ActiveCfg = Debug|Any CPU
		{522B6DCF-F08B-419E-B11C-7712555D919F}.Debug|Any CPU.Build.0 = Debug|Any CPU
		{522B6DCF-F08B-419E-B11C-7712555D919F}.Release|Any CPU.ActiveCfg = Release|Any CPU
		{522B6DCF-F08B-419E-B11C-7712555D919F}.Release|Any CPU.Build.0 = Release|Any CPU
		{55290847-2853-4A67-BCBA-FB21BB1A0CE9}.Debug|Any CPU.ActiveCfg = Debug|Any CPU
		{55290847-2853-4A67-BCBA-FB21BB1A0CE9}.Debug|Any CPU.Build.0 = Debug|Any CPU
		{55290847-2853-4A67-BCBA-FB21BB1A0CE9}.Release|Any CPU.ActiveCfg = Release|Any CPU
		{55290847-2853-4A67-BCBA-FB21BB1A0CE9}.Release|Any CPU.Build.0 = Release|Any CPU
	EndGlobalSection
	GlobalSection(SolutionProperties) = preSolution
		HideSolutionNode = FALSE
	EndGlobalSection
EndGlobal
