
Microsoft Visual Studio Solution File, Format Version 12.00
# Visual Studio 14
VisualStudioVersion = 14.0.24720.0
MinimumVisualStudioVersion = 10.0.40219.1
Project("{FAE04EC0-301F-11D3-BF4B-00C04F79EFBC}") = "01. Softuni Coffee Orders", "01. Softuni Coffee Orders\01. Softuni Coffee Orders.csproj", "{99EE8147-5F05-4B38-BD9D-5191D26394C8}"
EndProject
Project("{FAE04EC0-301F-11D3-BF4B-00C04F79EFBC}") = "02. Command Interpreter", "02. Command Interpreter\02. Command Interpreter.csproj", "{02583F20-F7C6-47B3-9AF7-475D163587FB}"
EndProject
Project("{FAE04EC0-301F-11D3-BF4B-00C04F79EFBC}") = "03. Rage Quit", "03. Rage Quit\03. Rage Quit.csproj", "{A97A95E8-9B45-4CDE-9227-14A3D4955B4B}"
EndProject
Project("{FAE04EC0-301F-11D3-BF4B-00C04F79EFBC}") = "04. Files", "04. Files\04. Files.csproj", "{B52400A6-07EF-4AFD-A7C1-6A9F08663A2E}"
EndProject
Global
	GlobalSection(SolutionConfigurationPlatforms) = preSolution
		Debug|Any CPU = Debug|Any CPU
		Release|Any CPU = Release|Any CPU
	EndGlobalSection
	GlobalSection(ProjectConfigurationPlatforms) = postSolution
		{99EE8147-5F05-4B38-BD9D-5191D26394C8}.Debug|Any CPU.ActiveCfg = Debug|Any CPU
		{99EE8147-5F05-4B38-BD9D-5191D26394C8}.Debug|Any CPU.Build.0 = Debug|Any CPU
		{99EE8147-5F05-4B38-BD9D-5191D26394C8}.Release|Any CPU.ActiveCfg = Release|Any CPU
		{99EE8147-5F05-4B38-BD9D-5191D26394C8}.Release|Any CPU.Build.0 = Release|Any CPU
		{02583F20-F7C6-47B3-9AF7-475D163587FB}.Debug|Any CPU.ActiveCfg = Debug|Any CPU
		{02583F20-F7C6-47B3-9AF7-475D163587FB}.Debug|Any CPU.Build.0 = Debug|Any CPU
		{02583F20-F7C6-47B3-9AF7-475D163587FB}.Release|Any CPU.ActiveCfg = Release|Any CPU
		{02583F20-F7C6-47B3-9AF7-475D163587FB}.Release|Any CPU.Build.0 = Release|Any CPU
		{A97A95E8-9B45-4CDE-9227-14A3D4955B4B}.Debug|Any CPU.ActiveCfg = Debug|Any CPU
		{A97A95E8-9B45-4CDE-9227-14A3D4955B4B}.Debug|Any CPU.Build.0 = Debug|Any CPU
		{A97A95E8-9B45-4CDE-9227-14A3D4955B4B}.Release|Any CPU.ActiveCfg = Release|Any CPU
		{A97A95E8-9B45-4CDE-9227-14A3D4955B4B}.Release|Any CPU.Build.0 = Release|Any CPU
		{B52400A6-07EF-4AFD-A7C1-6A9F08663A2E}.Debug|Any CPU.ActiveCfg = Debug|Any CPU
		{B52400A6-07EF-4AFD-A7C1-6A9F08663A2E}.Debug|Any CPU.Build.0 = Debug|Any CPU
		{B52400A6-07EF-4AFD-A7C1-6A9F08663A2E}.Release|Any CPU.ActiveCfg = Release|Any CPU
		{B52400A6-07EF-4AFD-A7C1-6A9F08663A2E}.Release|Any CPU.Build.0 = Release|Any CPU
	EndGlobalSection
	GlobalSection(SolutionProperties) = preSolution
		HideSolutionNode = FALSE
	EndGlobalSection
EndGlobal
